
Microsoft Visual Studio Solution File, Format Version 12.00
# Visual Studio Version 17
VisualStudioVersion = 17.0.31903.59
MinimumVisualStudioVersion = 10.0.40219.1
Project("{FAE04EC0-301F-11D3-BF4B-00C04F79EFBC}") = "src", "src\src.csproj", "{609EA68E-9291-410F-B697-2105B8922932}"
EndProject
Global
	GlobalSection(SolutionConfigurationPlatforms) = preSolution
		Debug|Any CPU = Debug|Any CPU
		Release|Any CPU = Release|Any CPU
	EndGlobalSection
	GlobalSection(SolutionProperties) = preSolution
		HideSolutionNode = FALSE
	EndGlobalSection
	GlobalSection(ProjectConfigurationPlatforms) = postSolution
		{609EA68E-9291-410F-B697-2105B8922932}.Debug|Any CPU.ActiveCfg = Debug|Any CPU
		{609EA68E-9291-410F-B697-2105B8922932}.Debug|Any CPU.Build.0 = Debug|Any CPU
		{609EA68E-9291-410F-B697-2105B8922932}.Release|Any CPU.ActiveCfg = Release|Any CPU
		{609EA68E-9291-410F-B697-2105B8922932}.Release|Any CPU.Build.0 = Release|Any CPU
	EndGlobalSection
EndGlobal
